
Microsoft Visual Studio Solution File, Format Version 12.00
# Visual Studio 15
VisualStudioVersion = 15.0.27703.2000
MinimumVisualStudioVersion = 10.0.40219.1
Project("{9A19103F-16F7-4668-BE54-9A1E7A4F7556}") = "Xamarin.Localization", "Xamarin.Localization\Xamarin.Localization.csproj", "{2848CE12-EEAF-4409-9CF4-68B0C4BD2676}"
EndProject
Project("{2150E333-8FDC-42A3-9474-1A3956D46DE8}") = "sample", "sample", "{D594701F-2654-44CF-8EAE-02DF429D7BDF}"
EndProject
Project("{FAE04EC0-301F-11D3-BF4B-00C04F79EFBC}") = "LocalizationXample.Android", "LocalizationXample\LocalizationXample.Android\LocalizationXample.Android.csproj", "{BC1C95A5-7528-4A90-989C-6C05369D1D1A}"
EndProject
Project("{FAE04EC0-301F-11D3-BF4B-00C04F79EFBC}") = "LocalizationXample.iOS", "LocalizationXample\LocalizationXample.iOS\LocalizationXample.iOS.csproj", "{D29EB1F3-4535-4846-8E6F-F0ADF4CD54D8}"
EndProject
Project("{FAE04EC0-301F-11D3-BF4B-00C04F79EFBC}") = "LocalizationXample.UWP", "LocalizationXample\LocalizationXample.UWP\LocalizationXample.UWP.csproj", "{C9EF8D1D-E5A3-4292-B4C7-BC2E0E6C4F9F}"
EndProject
Project("{9A19103F-16F7-4668-BE54-9A1E7A4F7556}") = "LocalizationXample", "LocalizationXample\LocalizationXample\LocalizationXample.csproj", "{E0D5C2D9-C0B4-4414-BFA3-B947EE0D6EFD}"
EndProject
Project("{2150E333-8FDC-42A3-9474-1A3956D46DE8}") = "Solution Items", "Solution Items", "{E442E6AF-6E96-4386-8DB1-158574EA8D0D}"
	ProjectSection(SolutionItems) = preProject
		Readme.md = Readme.md
	EndProjectSection
EndProject
Project("{2150E333-8FDC-42A3-9474-1A3956D46DE8}") = "Xamarin.Localization.Sources", "Xamarin.Localization.Sources", "{7FB49191-3C8C-4D47-81D0-99BA219829A0}"
	ProjectSection(SolutionItems) = preProject
		Xamarin.Localization.Sources\ILocalizationService.cs = Xamarin.Localization.Sources\ILocalizationService.cs
		Xamarin.Localization.Sources\Localization.cs = Xamarin.Localization.Sources\Localization.cs
		Xamarin.Localization.Sources\LocalizationService.cs = Xamarin.Localization.Sources\LocalizationService.cs
		Xamarin.Localization.Sources\Package.nuspec = Xamarin.Localization.Sources\Package.nuspec
	EndProjectSection
EndProject
Global
	GlobalSection(SolutionConfigurationPlatforms) = preSolution
		Ad-Hoc|Any CPU = Ad-Hoc|Any CPU
		Ad-Hoc|ARM = Ad-Hoc|ARM
		Ad-Hoc|iPhone = Ad-Hoc|iPhone
		Ad-Hoc|iPhoneSimulator = Ad-Hoc|iPhoneSimulator
		Ad-Hoc|x64 = Ad-Hoc|x64
		Ad-Hoc|x86 = Ad-Hoc|x86
		AppStore|Any CPU = AppStore|Any CPU
		AppStore|ARM = AppStore|ARM
		AppStore|iPhone = AppStore|iPhone
		AppStore|iPhoneSimulator = AppStore|iPhoneSimulator
		AppStore|x64 = AppStore|x64
		AppStore|x86 = AppStore|x86
		Debug|Any CPU = Debug|Any CPU
		Debug|ARM = Debug|ARM
		Debug|iPhone = Debug|iPhone
		Debug|iPhoneSimulator = Debug|iPhoneSimulator
		Debug|x64 = Debug|x64
		Debug|x86 = Debug|x86
		Release|Any CPU = Release|Any CPU
		Release|ARM = Release|ARM
		Release|iPhone = Release|iPhone
		Release|iPhoneSimulator = Release|iPhoneSimulator
		Release|x64 = Release|x64
		Release|x86 = Release|x86
	EndGlobalSection
	GlobalSection(ProjectConfigurationPlatforms) = postSolution
		{2848CE12-EEAF-4409-9CF4-68B0C4BD2676}.Ad-Hoc|Any CPU.ActiveCfg = Debug|Any CPU
		{2848CE12-EEAF-4409-9CF4-68B0C4BD2676}.Ad-Hoc|Any CPU.Build.0 = Debug|Any CPU
		{2848CE12-EEAF-4409-9CF4-68B0C4BD2676}.Ad-Hoc|ARM.ActiveCfg = Debug|Any CPU
		{2848CE12-EEAF-4409-9CF4-68B0C4BD2676}.Ad-Hoc|ARM.Build.0 = Debug|Any CPU
		{2848CE12-EEAF-4409-9CF4-68B0C4BD2676}.Ad-Hoc|iPhone.ActiveCfg = Debug|Any CPU
		{2848CE12-EEAF-4409-9CF4-68B0C4BD2676}.Ad-Hoc|iPhone.Build.0 = Debug|Any CPU
		{2848CE12-EEAF-4409-9CF4-68B0C4BD2676}.Ad-Hoc|iPhoneSimulator.ActiveCfg = Debug|Any CPU
		{2848CE12-EEAF-4409-9CF4-68B0C4BD2676}.Ad-Hoc|iPhoneSimulator.Build.0 = Debug|Any CPU
		{2848CE12-EEAF-4409-9CF4-68B0C4BD2676}.Ad-Hoc|x64.ActiveCfg = Debug|Any CPU
		{2848CE12-EEAF-4409-9CF4-68B0C4BD2676}.Ad-Hoc|x64.Build.0 = Debug|Any CPU
		{2848CE12-EEAF-4409-9CF4-68B0C4BD2676}.Ad-Hoc|x86.ActiveCfg = Debug|Any CPU
		{2848CE12-EEAF-4409-9CF4-68B0C4BD2676}.Ad-Hoc|x86.Build.0 = Debug|Any CPU
		{2848CE12-EEAF-4409-9CF4-68B0C4BD2676}.AppStore|Any CPU.ActiveCfg = Debug|Any CPU
		{2848CE12-EEAF-4409-9CF4-68B0C4BD2676}.AppStore|Any CPU.Build.0 = Debug|Any CPU
		{2848CE12-EEAF-4409-9CF4-68B0C4BD2676}.AppStore|ARM.ActiveCfg = Debug|Any CPU
		{2848CE12-EEAF-4409-9CF4-68B0C4BD2676}.AppStore|ARM.Build.0 = Debug|Any CPU
		{2848CE12-EEAF-4409-9CF4-68B0C4BD2676}.AppStore|iPhone.ActiveCfg = Debug|Any CPU
		{2848CE12-EEAF-4409-9CF4-68B0C4BD2676}.AppStore|iPhone.Build.0 = Debug|Any CPU
		{2848CE12-EEAF-4409-9CF4-68B0C4BD2676}.AppStore|iPhoneSimulator.ActiveCfg = Debug|Any CPU
		{2848CE12-EEAF-4409-9CF4-68B0C4BD2676}.AppStore|iPhoneSimulator.Build.0 = Debug|Any CPU
		{2848CE12-EEAF-4409-9CF4-68B0C4BD2676}.AppStore|x64.ActiveCfg = Debug|Any CPU
		{2848CE12-EEAF-4409-9CF4-68B0C4BD2676}.AppStore|x64.Build.0 = Debug|Any CPU
		{2848CE12-EEAF-4409-9CF4-68B0C4BD2676}.AppStore|x86.ActiveCfg = Debug|Any CPU
		{2848CE12-EEAF-4409-9CF4-68B0C4BD2676}.AppStore|x86.Build.0 = Debug|Any CPU
		{2848CE12-EEAF-4409-9CF4-68B0C4BD2676}.Debug|Any CPU.ActiveCfg = Debug|Any CPU
		{2848CE12-EEAF-4409-9CF4-68B0C4BD2676}.Debug|Any CPU.Build.0 = Debug|Any CPU
		{2848CE12-EEAF-4409-9CF4-68B0C4BD2676}.Debug|ARM.ActiveCfg = Debug|Any CPU
		{2848CE12-EEAF-4409-9CF4-68B0C4BD2676}.Debug|ARM.Build.0 = Debug|Any CPU
		{2848CE12-EEAF-4409-9CF4-68B0C4BD2676}.Debug|iPhone.ActiveCfg = Debug|Any CPU
		{2848CE12-EEAF-4409-9CF4-68B0C4BD2676}.Debug|iPhone.Build.0 = Debug|Any CPU
		{2848CE12-EEAF-4409-9CF4-68B0C4BD2676}.Debug|iPhoneSimulator.ActiveCfg = Debug|Any CPU
		{2848CE12-EEAF-4409-9CF4-68B0C4BD2676}.Debug|iPhoneSimulator.Build.0 = Debug|Any CPU
		{2848CE12-EEAF-4409-9CF4-68B0C4BD2676}.Debug|x64.ActiveCfg = Debug|Any CPU
		{2848CE12-EEAF-4409-9CF4-68B0C4BD2676}.Debug|x64.Build.0 = Debug|Any CPU
		{2848CE12-EEAF-4409-9CF4-68B0C4BD2676}.Debug|x86.ActiveCfg = Debug|Any CPU
		{2848CE12-EEAF-4409-9CF4-68B0C4BD2676}.Debug|x86.Build.0 = Debug|Any CPU
		{2848CE12-EEAF-4409-9CF4-68B0C4BD2676}.Release|Any CPU.ActiveCfg = Release|Any CPU
		{2848CE12-EEAF-4409-9CF4-68B0C4BD2676}.Release|Any CPU.Build.0 = Release|Any CPU
		{2848CE12-EEAF-4409-9CF4-68B0C4BD2676}.Release|ARM.ActiveCfg = Release|Any CPU
		{2848CE12-EEAF-4409-9CF4-68B0C4BD2676}.Release|ARM.Build.0 = Release|Any CPU
		{2848CE12-EEAF-4409-9CF4-68B0C4BD2676}.Release|iPhone.ActiveCfg = Release|Any CPU
		{2848CE12-EEAF-4409-9CF4-68B0C4BD2676}.Release|iPhone.Build.0 = Release|Any CPU
		{2848CE12-EEAF-4409-9CF4-68B0C4BD2676}.Release|iPhoneSimulator.ActiveCfg = Release|Any CPU
		{2848CE12-EEAF-4409-9CF4-68B0C4BD2676}.Release|iPhoneSimulator.Build.0 = Release|Any CPU
		{2848CE12-EEAF-4409-9CF4-68B0C4BD2676}.Release|x64.ActiveCfg = Release|Any CPU
		{2848CE12-EEAF-4409-9CF4-68B0C4BD2676}.Release|x64.Build.0 = Release|Any CPU
		{2848CE12-EEAF-4409-9CF4-68B0C4BD2676}.Release|x86.ActiveCfg = Release|Any CPU
		{2848CE12-EEAF-4409-9CF4-68B0C4BD2676}.Release|x86.Build.0 = Release|Any CPU
		{BC1C95A5-7528-4A90-989C-6C05369D1D1A}.Ad-Hoc|Any CPU.ActiveCfg = Release|Any CPU
		{BC1C95A5-7528-4A90-989C-6C05369D1D1A}.Ad-Hoc|Any CPU.Build.0 = Release|Any CPU
		{BC1C95A5-7528-4A90-989C-6C05369D1D1A}.Ad-Hoc|Any CPU.Deploy.0 = Release|Any CPU
		{BC1C95A5-7528-4A90-989C-6C05369D1D1A}.Ad-Hoc|ARM.ActiveCfg = Release|Any CPU
		{BC1C95A5-7528-4A90-989C-6C05369D1D1A}.Ad-Hoc|ARM.Build.0 = Release|Any CPU
		{BC1C95A5-7528-4A90-989C-6C05369D1D1A}.Ad-Hoc|ARM.Deploy.0 = Release|Any CPU
		{BC1C95A5-7528-4A90-989C-6C05369D1D1A}.Ad-Hoc|iPhone.ActiveCfg = Release|Any CPU
		{BC1C95A5-7528-4A90-989C-6C05369D1D1A}.Ad-Hoc|iPhone.Build.0 = Release|Any CPU
		{BC1C95A5-7528-4A90-989C-6C05369D1D1A}.Ad-Hoc|iPhone.Deploy.0 = Release|Any CPU
		{BC1C95A5-7528-4A90-989C-6C05369D1D1A}.Ad-Hoc|iPhoneSimulator.ActiveCfg = Release|Any CPU
		{BC1C95A5-7528-4A90-989C-6C05369D1D1A}.Ad-Hoc|iPhoneSimulator.Build.0 = Release|Any CPU
		{BC1C95A5-7528-4A90-989C-6C05369D1D1A}.Ad-Hoc|iPhoneSimulator.Deploy.0 = Release|Any CPU
		{BC1C95A5-7528-4A90-989C-6C05369D1D1A}.Ad-Hoc|x64.ActiveCfg = Release|Any CPU
		{BC1C95A5-7528-4A90-989C-6C05369D1D1A}.Ad-Hoc|x64.Build.0 = Release|Any CPU
		{BC1C95A5-7528-4A90-989C-6C05369D1D1A}.Ad-Hoc|x64.Deploy.0 = Release|Any CPU
		{BC1C95A5-7528-4A90-989C-6C05369D1D1A}.Ad-Hoc|x86.ActiveCfg = Release|Any CPU
		{BC1C95A5-7528-4A90-989C-6C05369D1D1A}.Ad-Hoc|x86.Build.0 = Release|Any CPU
		{BC1C95A5-7528-4A90-989C-6C05369D1D1A}.Ad-Hoc|x86.Deploy.0 = Release|Any CPU
		{BC1C95A5-7528-4A90-989C-6C05369D1D1A}.AppStore|Any CPU.ActiveCfg = Release|Any CPU
		{BC1C95A5-7528-4A90-989C-6C05369D1D1A}.AppStore|Any CPU.Build.0 = Release|Any CPU
		{BC1C95A5-7528-4A90-989C-6C05369D1D1A}.AppStore|Any CPU.Deploy.0 = Release|Any CPU
		{BC1C95A5-7528-4A90-989C-6C05369D1D1A}.AppStore|ARM.ActiveCfg = Release|Any CPU
		{BC1C95A5-7528-4A90-989C-6C05369D1D1A}.AppStore|ARM.Build.0 = Release|Any CPU
		{BC1C95A5-7528-4A90-989C-6C05369D1D1A}.AppStore|ARM.Deploy.0 = Release|Any CPU
		{BC1C95A5-7528-4A90-989C-6C05369D1D1A}.AppStore|iPhone.ActiveCfg = Release|Any CPU
		{BC1C95A5-7528-4A90-989C-6C05369D1D1A}.AppStore|iPhone.Build.0 = Release|Any CPU
		{BC1C95A5-7528-4A90-989C-6C05369D1D1A}.AppStore|iPhone.Deploy.0 = Release|Any CPU
		{BC1C95A5-7528-4A90-989C-6C05369D1D1A}.AppStore|iPhoneSimulator.ActiveCfg = Release|Any CPU
		{BC1C95A5-7528-4A90-989C-6C05369D1D1A}.AppStore|iPhoneSimulator.Build.0 = Release|Any CPU
		{BC1C95A5-7528-4A90-989C-6C05369D1D1A}.AppStore|iPhoneSimulator.Deploy.0 = Release|Any CPU
		{BC1C95A5-7528-4A90-989C-6C05369D1D1A}.AppStore|x64.ActiveCfg = Release|Any CPU
		{BC1C95A5-7528-4A90-989C-6C05369D1D1A}.AppStore|x64.Build.0 = Release|Any CPU
		{BC1C95A5-7528-4A90-989C-6C05369D1D1A}.AppStore|x64.Deploy.0 = Release|Any CPU
		{BC1C95A5-7528-4A90-989C-6C05369D1D1A}.AppStore|x86.ActiveCfg = Release|Any CPU
		{BC1C95A5-7528-4A90-989C-6C05369D1D1A}.AppStore|x86.Build.0 = Release|Any CPU
		{BC1C95A5-7528-4A90-989C-6C05369D1D1A}.AppStore|x86.Deploy.0 = Release|Any CPU
		{BC1C95A5-7528-4A90-989C-6C05369D1D1A}.Debug|Any CPU.ActiveCfg = Debug|Any CPU
		{BC1C95A5-7528-4A90-989C-6C05369D1D1A}.Debug|Any CPU.Build.0 = Debug|Any CPU
		{BC1C95A5-7528-4A90-989C-6C05369D1D1A}.Debug|Any CPU.Deploy.0 = Debug|Any CPU
		{BC1C95A5-7528-4A90-989C-6C05369D1D1A}.Debug|ARM.ActiveCfg = Debug|Any CPU
		{BC1C95A5-7528-4A90-989C-6C05369D1D1A}.Debug|ARM.Build.0 = Debug|Any CPU
		{BC1C95A5-7528-4A90-989C-6C05369D1D1A}.Debug|ARM.Deploy.0 = Debug|Any CPU
		{BC1C95A5-7528-4A90-989C-6C05369D1D1A}.Debug|iPhone.ActiveCfg = Debug|Any CPU
		{BC1C95A5-7528-4A90-989C-6C05369D1D1A}.Debug|iPhone.Build.0 = Debug|Any CPU
		{BC1C95A5-7528-4A90-989C-6C05369D1D1A}.Debug|iPhone.Deploy.0 = Debug|Any CPU
		{BC1C95A5-7528-4A90-989C-6C05369D1D1A}.Debug|iPhoneSimulator.ActiveCfg = Debug|Any CPU
		{BC1C95A5-7528-4A90-989C-6C05369D1D1A}.Debug|iPhoneSimulator.Build.0 = Debug|Any CPU
		{BC1C95A5-7528-4A90-989C-6C05369D1D1A}.Debug|iPhoneSimulator.Deploy.0 = Debug|Any CPU
		{BC1C95A5-7528-4A90-989C-6C05369D1D1A}.Debug|x64.ActiveCfg = Debug|Any CPU
		{BC1C95A5-7528-4A90-989C-6C05369D1D1A}.Debug|x64.Build.0 = Debug|Any CPU
		{BC1C95A5-7528-4A90-989C-6C05369D1D1A}.Debug|x64.Deploy.0 = Debug|Any CPU
		{BC1C95A5-7528-4A90-989C-6C05369D1D1A}.Debug|x86.ActiveCfg = Debug|Any CPU
		{BC1C95A5-7528-4A90-989C-6C05369D1D1A}.Debug|x86.Build.0 = Debug|Any CPU
		{BC1C95A5-7528-4A90-989C-6C05369D1D1A}.Debug|x86.Deploy.0 = Debug|Any CPU
		{BC1C95A5-7528-4A90-989C-6C05369D1D1A}.Release|Any CPU.ActiveCfg = Release|Any CPU
		{BC1C95A5-7528-4A90-989C-6C05369D1D1A}.Release|Any CPU.Build.0 = Release|Any CPU
		{BC1C95A5-7528-4A90-989C-6C05369D1D1A}.Release|Any CPU.Deploy.0 = Release|Any CPU
		{BC1C95A5-7528-4A90-989C-6C05369D1D1A}.Release|ARM.ActiveCfg = Release|Any CPU
		{BC1C95A5-7528-4A90-989C-6C05369D1D1A}.Release|ARM.Build.0 = Release|Any CPU
		{BC1C95A5-7528-4A90-989C-6C05369D1D1A}.Release|ARM.Deploy.0 = Release|Any CPU
		{BC1C95A5-7528-4A90-989C-6C05369D1D1A}.Release|iPhone.ActiveCfg = Release|Any CPU
		{BC1C95A5-7528-4A90-989C-6C05369D1D1A}.Release|iPhone.Build.0 = Release|Any CPU
		{BC1C95A5-7528-4A90-989C-6C05369D1D1A}.Release|iPhone.Deploy.0 = Release|Any CPU
		{BC1C95A5-7528-4A90-989C-6C05369D1D1A}.Release|iPhoneSimulator.ActiveCfg = Release|Any CPU
		{BC1C95A5-7528-4A90-989C-6C05369D1D1A}.Release|iPhoneSimulator.Build.0 = Release|Any CPU
		{BC1C95A5-7528-4A90-989C-6C05369D1D1A}.Release|iPhoneSimulator.Deploy.0 = Release|Any CPU
		{BC1C95A5-7528-4A90-989C-6C05369D1D1A}.Release|x64.ActiveCfg = Release|Any CPU
		{BC1C95A5-7528-4A90-989C-6C05369D1D1A}.Release|x64.Build.0 = Release|Any CPU
		{BC1C95A5-7528-4A90-989C-6C05369D1D1A}.Release|x64.Deploy.0 = Release|Any CPU
		{BC1C95A5-7528-4A90-989C-6C05369D1D1A}.Release|x86.ActiveCfg = Release|Any CPU
		{BC1C95A5-7528-4A90-989C-6C05369D1D1A}.Release|x86.Build.0 = Release|Any CPU
		{BC1C95A5-7528-4A90-989C-6C05369D1D1A}.Release|x86.Deploy.0 = Release|Any CPU
		{D29EB1F3-4535-4846-8E6F-F0ADF4CD54D8}.Ad-Hoc|Any CPU.ActiveCfg = Ad-Hoc|iPhone
		{D29EB1F3-4535-4846-8E6F-F0ADF4CD54D8}.Ad-Hoc|ARM.ActiveCfg = Ad-Hoc|iPhone
		{D29EB1F3-4535-4846-8E6F-F0ADF4CD54D8}.Ad-Hoc|iPhone.ActiveCfg = Ad-Hoc|iPhone
		{D29EB1F3-4535-4846-8E6F-F0ADF4CD54D8}.Ad-Hoc|iPhone.Build.0 = Ad-Hoc|iPhone
		{D29EB1F3-4535-4846-8E6F-F0ADF4CD54D8}.Ad-Hoc|iPhoneSimulator.ActiveCfg = Ad-Hoc|iPhoneSimulator
		{D29EB1F3-4535-4846-8E6F-F0ADF4CD54D8}.Ad-Hoc|iPhoneSimulator.Build.0 = Ad-Hoc|iPhoneSimulator
		{D29EB1F3-4535-4846-8E6F-F0ADF4CD54D8}.Ad-Hoc|x64.ActiveCfg = Ad-Hoc|iPhone
		{D29EB1F3-4535-4846-8E6F-F0ADF4CD54D8}.Ad-Hoc|x86.ActiveCfg = Ad-Hoc|iPhone
		{D29EB1F3-4535-4846-8E6F-F0ADF4CD54D8}.AppStore|Any CPU.ActiveCfg = AppStore|iPhone
		{D29EB1F3-4535-4846-8E6F-F0ADF4CD54D8}.AppStore|ARM.ActiveCfg = AppStore|iPhone
		{D29EB1F3-4535-4846-8E6F-F0ADF4CD54D8}.AppStore|iPhone.ActiveCfg = AppStore|iPhone
		{D29EB1F3-4535-4846-8E6F-F0ADF4CD54D8}.AppStore|iPhone.Build.0 = AppStore|iPhone
		{D29EB1F3-4535-4846-8E6F-F0ADF4CD54D8}.AppStore|iPhoneSimulator.ActiveCfg = AppStore|iPhoneSimulator
		{D29EB1F3-4535-4846-8E6F-F0ADF4CD54D8}.AppStore|iPhoneSimulator.Build.0 = AppStore|iPhoneSimulator
		{D29EB1F3-4535-4846-8E6F-F0ADF4CD54D8}.AppStore|x64.ActiveCfg = AppStore|iPhone
		{D29EB1F3-4535-4846-8E6F-F0ADF4CD54D8}.AppStore|x86.ActiveCfg = AppStore|iPhone
		{D29EB1F3-4535-4846-8E6F-F0ADF4CD54D8}.Debug|Any CPU.ActiveCfg = Debug|iPhone
		{D29EB1F3-4535-4846-8E6F-F0ADF4CD54D8}.Debug|ARM.ActiveCfg = Debug|iPhone
		{D29EB1F3-4535-4846-8E6F-F0ADF4CD54D8}.Debug|iPhone.ActiveCfg = Debug|iPhone
		{D29EB1F3-4535-4846-8E6F-F0ADF4CD54D8}.Debug|iPhone.Build.0 = Debug|iPhone
		{D29EB1F3-4535-4846-8E6F-F0ADF4CD54D8}.Debug|iPhoneSimulator.ActiveCfg = Debug|iPhoneSimulator
		{D29EB1F3-4535-4846-8E6F-F0ADF4CD54D8}.Debug|iPhoneSimulator.Build.0 = Debug|iPhoneSimulator
		{D29EB1F3-4535-4846-8E6F-F0ADF4CD54D8}.Debug|x64.ActiveCfg = Debug|iPhone
		{D29EB1F3-4535-4846-8E6F-F0ADF4CD54D8}.Debug|x86.ActiveCfg = Debug|iPhone
		{D29EB1F3-4535-4846-8E6F-F0ADF4CD54D8}.Release|Any CPU.ActiveCfg = Release|iPhone
		{D29EB1F3-4535-4846-8E6F-F0ADF4CD54D8}.Release|ARM.ActiveCfg = Release|iPhone
		{D29EB1F3-4535-4846-8E6F-F0ADF4CD54D8}.Release|iPhone.ActiveCfg = Release|iPhone
		{D29EB1F3-4535-4846-8E6F-F0ADF4CD54D8}.Release|iPhone.Build.0 = Release|iPhone
		{D29EB1F3-4535-4846-8E6F-F0ADF4CD54D8}.Release|iPhoneSimulator.ActiveCfg = Release|iPhoneSimulator
		{D29EB1F3-4535-4846-8E6F-F0ADF4CD54D8}.Release|iPhoneSimulator.Build.0 = Release|iPhoneSimulator
		{D29EB1F3-4535-4846-8E6F-F0ADF4CD54D8}.Release|x64.ActiveCfg = Release|iPhone
		{D29EB1F3-4535-4846-8E6F-F0ADF4CD54D8}.Release|x86.ActiveCfg = Release|iPhone
		{C9EF8D1D-E5A3-4292-B4C7-BC2E0E6C4F9F}.Ad-Hoc|Any CPU.ActiveCfg = Release|x86
		{C9EF8D1D-E5A3-4292-B4C7-BC2E0E6C4F9F}.Ad-Hoc|Any CPU.Build.0 = Release|x86
		{C9EF8D1D-E5A3-4292-B4C7-BC2E0E6C4F9F}.Ad-Hoc|Any CPU.Deploy.0 = Release|x86
		{C9EF8D1D-E5A3-4292-B4C7-BC2E0E6C4F9F}.Ad-Hoc|ARM.ActiveCfg = Release|ARM
		{C9EF8D1D-E5A3-4292-B4C7-BC2E0E6C4F9F}.Ad-Hoc|ARM.Build.0 = Release|ARM
		{C9EF8D1D-E5A3-4292-B4C7-BC2E0E6C4F9F}.Ad-Hoc|ARM.Deploy.0 = Release|ARM
		{C9EF8D1D-E5A3-4292-B4C7-BC2E0E6C4F9F}.Ad-Hoc|iPhone.ActiveCfg = Release|x86
		{C9EF8D1D-E5A3-4292-B4C7-BC2E0E6C4F9F}.Ad-Hoc|iPhone.Build.0 = Release|x86
		{C9EF8D1D-E5A3-4292-B4C7-BC2E0E6C4F9F}.Ad-Hoc|iPhone.Deploy.0 = Release|x86
		{C9EF8D1D-E5A3-4292-B4C7-BC2E0E6C4F9F}.Ad-Hoc|iPhoneSimulator.ActiveCfg = Release|x86
		{C9EF8D1D-E5A3-4292-B4C7-BC2E0E6C4F9F}.Ad-Hoc|iPhoneSimulator.Build.0 = Release|x86
		{C9EF8D1D-E5A3-4292-B4C7-BC2E0E6C4F9F}.Ad-Hoc|iPhoneSimulator.Deploy.0 = Release|x86
		{C9EF8D1D-E5A3-4292-B4C7-BC2E0E6C4F9F}.Ad-Hoc|x64.ActiveCfg = Release|x64
		{C9EF8D1D-E5A3-4292-B4C7-BC2E0E6C4F9F}.Ad-Hoc|x64.Build.0 = Release|x64
		{C9EF8D1D-E5A3-4292-B4C7-BC2E0E6C4F9F}.Ad-Hoc|x64.Deploy.0 = Release|x64
		{C9EF8D1D-E5A3-4292-B4C7-BC2E0E6C4F9F}.Ad-Hoc|x86.ActiveCfg = Release|x86
		{C9EF8D1D-E5A3-4292-B4C7-BC2E0E6C4F9F}.Ad-Hoc|x86.Build.0 = Release|x86
		{C9EF8D1D-E5A3-4292-B4C7-BC2E0E6C4F9F}.Ad-Hoc|x86.Deploy.0 = Release|x86
		{C9EF8D1D-E5A3-4292-B4C7-BC2E0E6C4F9F}.AppStore|Any CPU.ActiveCfg = Release|x86
		{C9EF8D1D-E5A3-4292-B4C7-BC2E0E6C4F9F}.AppStore|Any CPU.Build.0 = Release|x86
		{C9EF8D1D-E5A3-4292-B4C7-BC2E0E6C4F9F}.AppStore|Any CPU.Deploy.0 = Release|x86
		{C9EF8D1D-E5A3-4292-B4C7-BC2E0E6C4F9F}.AppStore|ARM.ActiveCfg = Release|ARM
		{C9EF8D1D-E5A3-4292-B4C7-BC2E0E6C4F9F}.AppStore|ARM.Build.0 = Release|ARM
		{C9EF8D1D-E5A3-4292-B4C7-BC2E0E6C4F9F}.AppStore|ARM.Deploy.0 = Release|ARM
		{C9EF8D1D-E5A3-4292-B4C7-BC2E0E6C4F9F}.AppStore|iPhone.ActiveCfg = Release|x86
		{C9EF8D1D-E5A3-4292-B4C7-BC2E0E6C4F9F}.AppStore|iPhone.Build.0 = Release|x86
		{C9EF8D1D-E5A3-4292-B4C7-BC2E0E6C4F9F}.AppStore|iPhone.Deploy.0 = Release|x86
		{C9EF8D1D-E5A3-4292-B4C7-BC2E0E6C4F9F}.AppStore|iPhoneSimulator.ActiveCfg = Release|x86
		{C9EF8D1D-E5A3-4292-B4C7-BC2E0E6C4F9F}.AppStore|iPhoneSimulator.Build.0 = Release|x86
		{C9EF8D1D-E5A3-4292-B4C7-BC2E0E6C4F9F}.AppStore|iPhoneSimulator.Deploy.0 = Release|x86
		{C9EF8D1D-E5A3-4292-B4C7-BC2E0E6C4F9F}.AppStore|x64.ActiveCfg = Release|x64
		{C9EF8D1D-E5A3-4292-B4C7-BC2E0E6C4F9F}.AppStore|x64.Build.0 = Release|x64
		{C9EF8D1D-E5A3-4292-B4C7-BC2E0E6C4F9F}.AppStore|x64.Deploy.0 = Release|x64
		{C9EF8D1D-E5A3-4292-B4C7-BC2E0E6C4F9F}.AppStore|x86.ActiveCfg = Release|x86
		{C9EF8D1D-E5A3-4292-B4C7-BC2E0E6C4F9F}.AppStore|x86.Build.0 = Release|x86
		{C9EF8D1D-E5A3-4292-B4C7-BC2E0E6C4F9F}.AppStore|x86.Deploy.0 = Release|x86
		{C9EF8D1D-E5A3-4292-B4C7-BC2E0E6C4F9F}.Debug|Any CPU.ActiveCfg = Debug|x86
		{C9EF8D1D-E5A3-4292-B4C7-BC2E0E6C4F9F}.Debug|ARM.ActiveCfg = Debug|ARM
		{C9EF8D1D-E5A3-4292-B4C7-BC2E0E6C4F9F}.Debug|ARM.Build.0 = Debug|ARM
		{C9EF8D1D-E5A3-4292-B4C7-BC2E0E6C4F9F}.Debug|ARM.Deploy.0 = Debug|ARM
		{C9EF8D1D-E5A3-4292-B4C7-BC2E0E6C4F9F}.Debug|iPhone.ActiveCfg = Debug|x86
		{C9EF8D1D-E5A3-4292-B4C7-BC2E0E6C4F9F}.Debug|iPhoneSimulator.ActiveCfg = Debug|x86
		{C9EF8D1D-E5A3-4292-B4C7-BC2E0E6C4F9F}.Debug|x64.ActiveCfg = Debug|x64
		{C9EF8D1D-E5A3-4292-B4C7-BC2E0E6C4F9F}.Debug|x64.Build.0 = Debug|x64
		{C9EF8D1D-E5A3-4292-B4C7-BC2E0E6C4F9F}.Debug|x64.Deploy.0 = Debug|x64
		{C9EF8D1D-E5A3-4292-B4C7-BC2E0E6C4F9F}.Debug|x86.ActiveCfg = Debug|x86
		{C9EF8D1D-E5A3-4292-B4C7-BC2E0E6C4F9F}.Debug|x86.Build.0 = Debug|x86
		{C9EF8D1D-E5A3-4292-B4C7-BC2E0E6C4F9F}.Debug|x86.Deploy.0 = Debug|x86
		{C9EF8D1D-E5A3-4292-B4C7-BC2E0E6C4F9F}.Release|Any CPU.ActiveCfg = Release|x86
		{C9EF8D1D-E5A3-4292-B4C7-BC2E0E6C4F9F}.Release|ARM.ActiveCfg = Release|ARM
		{C9EF8D1D-E5A3-4292-B4C7-BC2E0E6C4F9F}.Release|ARM.Build.0 = Release|ARM
		{C9EF8D1D-E5A3-4292-B4C7-BC2E0E6C4F9F}.Release|ARM.Deploy.0 = Release|ARM
		{C9EF8D1D-E5A3-4292-B4C7-BC2E0E6C4F9F}.Release|iPhone.ActiveCfg = Release|x86
		{C9EF8D1D-E5A3-4292-B4C7-BC2E0E6C4F9F}.Release|iPhoneSimulator.ActiveCfg = Release|x86
		{C9EF8D1D-E5A3-4292-B4C7-BC2E0E6C4F9F}.Release|x64.ActiveCfg = Release|x64
		{C9EF8D1D-E5A3-4292-B4C7-BC2E0E6C4F9F}.Release|x64.Build.0 = Release|x64
		{C9EF8D1D-E5A3-4292-B4C7-BC2E0E6C4F9F}.Release|x64.Deploy.0 = Release|x64
		{C9EF8D1D-E5A3-4292-B4C7-BC2E0E6C4F9F}.Release|x86.ActiveCfg = Release|x86
		{C9EF8D1D-E5A3-4292-B4C7-BC2E0E6C4F9F}.Release|x86.Build.0 = Release|x86
		{C9EF8D1D-E5A3-4292-B4C7-BC2E0E6C4F9F}.Release|x86.Deploy.0 = Release|x86
		{E0D5C2D9-C0B4-4414-BFA3-B947EE0D6EFD}.Ad-Hoc|Any CPU.ActiveCfg = Debug|Any CPU
		{E0D5C2D9-C0B4-4414-BFA3-B947EE0D6EFD}.Ad-Hoc|Any CPU.Build.0 = Debug|Any CPU
		{E0D5C2D9-C0B4-4414-BFA3-B947EE0D6EFD}.Ad-Hoc|ARM.ActiveCfg = Debug|Any CPU
		{E0D5C2D9-C0B4-4414-BFA3-B947EE0D6EFD}.Ad-Hoc|ARM.Build.0 = Debug|Any CPU
		{E0D5C2D9-C0B4-4414-BFA3-B947EE0D6EFD}.Ad-Hoc|iPhone.ActiveCfg = Debug|Any CPU
		{E0D5C2D9-C0B4-4414-BFA3-B947EE0D6EFD}.Ad-Hoc|iPhone.Build.0 = Debug|Any CPU
		{E0D5C2D9-C0B4-4414-BFA3-B947EE0D6EFD}.Ad-Hoc|iPhoneSimulator.ActiveCfg = Debug|Any CPU
		{E0D5C2D9-C0B4-4414-BFA3-B947EE0D6EFD}.Ad-Hoc|iPhoneSimulator.Build.0 = Debug|Any CPU
		{E0D5C2D9-C0B4-4414-BFA3-B947EE0D6EFD}.Ad-Hoc|x64.ActiveCfg = Debug|Any CPU
		{E0D5C2D9-C0B4-4414-BFA3-B947EE0D6EFD}.Ad-Hoc|x64.Build.0 = Debug|Any CPU
		{E0D5C2D9-C0B4-4414-BFA3-B947EE0D6EFD}.Ad-Hoc|x86.ActiveCfg = Debug|Any CPU
		{E0D5C2D9-C0B4-4414-BFA3-B947EE0D6EFD}.Ad-Hoc|x86.Build.0 = Debug|Any CPU
		{E0D5C2D9-C0B4-4414-BFA3-B947EE0D6EFD}.AppStore|Any CPU.ActiveCfg = Debug|Any CPU
		{E0D5C2D9-C0B4-4414-BFA3-B947EE0D6EFD}.AppStore|Any CPU.Build.0 = Debug|Any CPU
		{E0D5C2D9-C0B4-4414-BFA3-B947EE0D6EFD}.AppStore|ARM.ActiveCfg = Debug|Any CPU
		{E0D5C2D9-C0B4-4414-BFA3-B947EE0D6EFD}.AppStore|ARM.Build.0 = Debug|Any CPU
		{E0D5C2D9-C0B4-4414-BFA3-B947EE0D6EFD}.AppStore|iPhone.ActiveCfg = Debug|Any CPU
		{E0D5C2D9-C0B4-4414-BFA3-B947EE0D6EFD}.AppStore|iPhone.Build.0 = Debug|Any CPU
		{E0D5C2D9-C0B4-4414-BFA3-B947EE0D6EFD}.AppStore|iPhoneSimulator.ActiveCfg = Debug|Any CPU
		{E0D5C2D9-C0B4-4414-BFA3-B947EE0D6EFD}.AppStore|iPhoneSimulator.Build.0 = Debug|Any CPU
		{E0D5C2D9-C0B4-4414-BFA3-B947EE0D6EFD}.AppStore|x64.ActiveCfg = Debug|Any CPU
		{E0D5C2D9-C0B4-4414-BFA3-B947EE0D6EFD}.AppStore|x64.Build.0 = Debug|Any CPU
		{E0D5C2D9-C0B4-4414-BFA3-B947EE0D6EFD}.AppStore|x86.ActiveCfg = Debug|Any CPU
		{E0D5C2D9-C0B4-4414-BFA3-B947EE0D6EFD}.AppStore|x86.Build.0 = Debug|Any CPU
		{E0D5C2D9-C0B4-4414-BFA3-B947EE0D6EFD}.Debug|Any CPU.ActiveCfg = Debug|Any CPU
		{E0D5C2D9-C0B4-4414-BFA3-B947EE0D6EFD}.Debug|Any CPU.Build.0 = Debug|Any CPU
		{E0D5C2D9-C0B4-4414-BFA3-B947EE0D6EFD}.Debug|ARM.ActiveCfg = Debug|Any CPU
		{E0D5C2D9-C0B4-4414-BFA3-B947EE0D6EFD}.Debug|ARM.Build.0 = Debug|Any CPU
		{E0D5C2D9-C0B4-4414-BFA3-B947EE0D6EFD}.Debug|iPhone.ActiveCfg = Debug|Any CPU
		{E0D5C2D9-C0B4-4414-BFA3-B947EE0D6EFD}.Debug|iPhone.Build.0 = Debug|Any CPU
		{E0D5C2D9-C0B4-4414-BFA3-B947EE0D6EFD}.Debug|iPhoneSimulator.ActiveCfg = Debug|Any CPU
		{E0D5C2D9-C0B4-4414-BFA3-B947EE0D6EFD}.Debug|iPhoneSimulator.Build.0 = Debug|Any CPU
		{E0D5C2D9-C0B4-4414-BFA3-B947EE0D6EFD}.Debug|x64.ActiveCfg = Debug|Any CPU
		{E0D5C2D9-C0B4-4414-BFA3-B947EE0D6EFD}.Debug|x64.Build.0 = Debug|Any CPU
		{E0D5C2D9-C0B4-4414-BFA3-B947EE0D6EFD}.Debug|x86.ActiveCfg = Debug|Any CPU
		{E0D5C2D9-C0B4-4414-BFA3-B947EE0D6EFD}.Debug|x86.Build.0 = Debug|Any CPU
		{E0D5C2D9-C0B4-4414-BFA3-B947EE0D6EFD}.Release|Any CPU.ActiveCfg = Release|Any CPU
		{E0D5C2D9-C0B4-4414-BFA3-B947EE0D6EFD}.Release|Any CPU.Build.0 = Release|Any CPU
		{E0D5C2D9-C0B4-4414-BFA3-B947EE0D6EFD}.Release|ARM.ActiveCfg = Release|Any CPU
		{E0D5C2D9-C0B4-4414-BFA3-B947EE0D6EFD}.Release|ARM.Build.0 = Release|Any CPU
		{E0D5C2D9-C0B4-4414-BFA3-B947EE0D6EFD}.Release|iPhone.ActiveCfg = Release|Any CPU
		{E0D5C2D9-C0B4-4414-BFA3-B947EE0D6EFD}.Release|iPhone.Build.0 = Release|Any CPU
		{E0D5C2D9-C0B4-4414-BFA3-B947EE0D6EFD}.Release|iPhoneSimulator.ActiveCfg = Release|Any CPU
		{E0D5C2D9-C0B4-4414-BFA3-B947EE0D6EFD}.Release|iPhoneSimulator.Build.0 = Release|Any CPU
		{E0D5C2D9-C0B4-4414-BFA3-B947EE0D6EFD}.Release|x64.ActiveCfg = Release|Any CPU
		{E0D5C2D9-C0B4-4414-BFA3-B947EE0D6EFD}.Release|x64.Build.0 = Release|Any CPU
		{E0D5C2D9-C0B4-4414-BFA3-B947EE0D6EFD}.Release|x86.ActiveCfg = Release|Any CPU
		{E0D5C2D9-C0B4-4414-BFA3-B947EE0D6EFD}.Release|x86.Build.0 = Release|Any CPU
	EndGlobalSection
	GlobalSection(SolutionProperties) = preSolution
		HideSolutionNode = FALSE
	EndGlobalSection
	GlobalSection(NestedProjects) = preSolution
		{BC1C95A5-7528-4A90-989C-6C05369D1D1A} = {D594701F-2654-44CF-8EAE-02DF429D7BDF}
		{D29EB1F3-4535-4846-8E6F-F0ADF4CD54D8} = {D594701F-2654-44CF-8EAE-02DF429D7BDF}
		{C9EF8D1D-E5A3-4292-B4C7-BC2E0E6C4F9F} = {D594701F-2654-44CF-8EAE-02DF429D7BDF}
		{E0D5C2D9-C0B4-4414-BFA3-B947EE0D6EFD} = {D594701F-2654-44CF-8EAE-02DF429D7BDF}
	EndGlobalSection
	GlobalSection(ExtensibilityGlobals) = postSolution
		SolutionGuid = {C3F0C307-03CD-48A1-8CBC-74DE250FEADB}
	EndGlobalSection
EndGlobal
